
Microsoft Visual Studio Solution File, Format Version 12.00
# Visual Studio Version 16
VisualStudioVersion = 16.0.30114.105
MinimumVisualStudioVersion = 10.0.40219.1
Project("{FAE04EC0-301F-11D3-BF4B-00C04F79EFBC}") = "Planetwide.Graph.Accounts", "Planetwide.Graph.Accounts\Planetwide.Graph.Accounts.csproj", "{4F0BE951-B6B4-4354-937C-1C4B0F60104A}"
EndProject
Project("{FAE04EC0-301F-11D3-BF4B-00C04F79EFBC}") = "Planetwide.Graph.Gateway", "Planetwide.Graph.Gateway\Planetwide.Graph.Gateway.csproj", "{8A3AC334-B0D4-4D45-94F3-F129FA963C56}"
EndProject
Project("{FAE04EC0-301F-11D3-BF4B-00C04F79EFBC}") = "Planetwide.Graph.Members", "Planetwide.Graph.Members\Planetwide.Graph.Members.csproj", "{1B4C04B2-C4B0-4DA9-ADD0-4BA31ABB49DE}"
EndProject
Global
	GlobalSection(SolutionConfigurationPlatforms) = preSolution
		Debug|Any CPU = Debug|Any CPU
		Release|Any CPU = Release|Any CPU
	EndGlobalSection
	GlobalSection(SolutionProperties) = preSolution
		HideSolutionNode = FALSE
	EndGlobalSection
	GlobalSection(ProjectConfigurationPlatforms) = postSolution
		{4F0BE951-B6B4-4354-937C-1C4B0F60104A}.Debug|Any CPU.ActiveCfg = Debug|Any CPU
		{4F0BE951-B6B4-4354-937C-1C4B0F60104A}.Debug|Any CPU.Build.0 = Debug|Any CPU
		{4F0BE951-B6B4-4354-937C-1C4B0F60104A}.Release|Any CPU.ActiveCfg = Release|Any CPU
		{4F0BE951-B6B4-4354-937C-1C4B0F60104A}.Release|Any CPU.Build.0 = Release|Any CPU
		{8A3AC334-B0D4-4D45-94F3-F129FA963C56}.Debug|Any CPU.ActiveCfg = Debug|Any CPU
		{8A3AC334-B0D4-4D45-94F3-F129FA963C56}.Debug|Any CPU.Build.0 = Debug|Any CPU
		{8A3AC334-B0D4-4D45-94F3-F129FA963C56}.Release|Any CPU.ActiveCfg = Release|Any CPU
		{8A3AC334-B0D4-4D45-94F3-F129FA963C56}.Release|Any CPU.Build.0 = Release|Any CPU
		{1B4C04B2-C4B0-4DA9-ADD0-4BA31ABB49DE}.Debug|Any CPU.ActiveCfg = Debug|Any CPU
		{1B4C04B2-C4B0-4DA9-ADD0-4BA31ABB49DE}.Debug|Any CPU.Build.0 = Debug|Any CPU
		{1B4C04B2-C4B0-4DA9-ADD0-4BA31ABB49DE}.Release|Any CPU.ActiveCfg = Release|Any CPU
		{1B4C04B2-C4B0-4DA9-ADD0-4BA31ABB49DE}.Release|Any CPU.Build.0 = Release|Any CPU
	EndGlobalSection
EndGlobal
