
Microsoft Visual Studio Solution File, Format Version 12.00
# Visual Studio Version 16
VisualStudioVersion = 16.0.30114.105
MinimumVisualStudioVersion = 10.0.40219.1
Project("{FAE04EC0-301F-11D3-BF4B-00C04F79EFBC}") = "Planetwide.Basic.Tests", "Planetwide.Basic.Tests\Planetwide.Basic.Tests.csproj", "{18C00A61-E652-4494-9F94-635799C37B57}"
EndProject
Project("{FAE04EC0-301F-11D3-BF4B-00C04F79EFBC}") = "Planetwide.Basic", "Planetwide.Basic\Planetwide.Basic.csproj", "{5A0155CE-5F33-4A4C-A159-8591EEB82934}"
EndProject
Global
	GlobalSection(SolutionConfigurationPlatforms) = preSolution
		Debug|Any CPU = Debug|Any CPU
		Release|Any CPU = Release|Any CPU
	EndGlobalSection
	GlobalSection(SolutionProperties) = preSolution
		HideSolutionNode = FALSE
	EndGlobalSection
	GlobalSection(ProjectConfigurationPlatforms) = postSolution
		{18C00A61-E652-4494-9F94-635799C37B57}.Debug|Any CPU.ActiveCfg = Debug|Any CPU
		{18C00A61-E652-4494-9F94-635799C37B57}.Debug|Any CPU.Build.0 = Debug|Any CPU
		{18C00A61-E652-4494-9F94-635799C37B57}.Release|Any CPU.ActiveCfg = Release|Any CPU
		{18C00A61-E652-4494-9F94-635799C37B57}.Release|Any CPU.Build.0 = Release|Any CPU
		{5A0155CE-5F33-4A4C-A159-8591EEB82934}.Debug|Any CPU.ActiveCfg = Debug|Any CPU
		{5A0155CE-5F33-4A4C-A159-8591EEB82934}.Debug|Any CPU.Build.0 = Debug|Any CPU
		{5A0155CE-5F33-4A4C-A159-8591EEB82934}.Release|Any CPU.ActiveCfg = Release|Any CPU
		{5A0155CE-5F33-4A4C-A159-8591EEB82934}.Release|Any CPU.Build.0 = Release|Any CPU
	EndGlobalSection
EndGlobal
